// !$*UTF8*$!
{
	archiveVersion = 1;
	classes = {
	};
	objectVersion = 46;
	objects = {

/* Begin PBXBuildFile section */
		707445BD1C143B50002A27ED /* main.swift in Sources */ = {isa = PBXBuildFile; fileRef = 707445B91C143B50002A27ED /* main.swift */; };
		707445BE1C143B50002A27ED /* ipServer.swift in Sources */ = {isa = PBXBuildFile; fileRef = 707445BA1C143B50002A27ED /* ipServer.swift */; };
		707445BF1C143B50002A27ED /* webServer.swift in Sources */ = {isa = PBXBuildFile; fileRef = 707445BB1C143B50002A27ED /* webServer.swift */; };
/* End PBXBuildFile section */

/* Begin PBXCopyFilesBuildPhase section */
		707445AC1C143B05002A27ED /* CopyFiles */ = {
			isa = PBXCopyFilesBuildPhase;
			buildActionMask = 2147483647;
			dstPath = /usr/share/man/man1/;
			dstSubfolderSpec = 0;
			files = (
			);
			runOnlyForDeploymentPostprocessing = 1;
		};
/* End PBXCopyFilesBuildPhase section */

/* Begin PBXFileReference section */
		707445AE1C143B05002A27ED /* unladen */ = {isa = PBXFileReference; explicitFileType = "compiled.mach-o.executable"; includeInIndex = 0; path = unladen; sourceTree = BUILT_PRODUCTS_DIR; };
		707445B91C143B50002A27ED /* main.swift */ = {isa = PBXFileReference; fileEncoding = 4; lastKnownFileType = sourcecode.swift; path = main.swift; sourceTree = "<group>"; };
		707445BA1C143B50002A27ED /* ipServer.swift */ = {isa = PBXFileReference; fileEncoding = 4; lastKnownFileType = sourcecode.swift; path = ipServer.swift; sourceTree = "<group>"; };
		707445BB1C143B50002A27ED /* webServer.swift */ = {isa = PBXFileReference; fileEncoding = 4; lastKnownFileType = sourcecode.swift; path = webServer.swift; sourceTree = "<group>"; };
/* End PBXFileReference section */

/* Begin PBXFrameworksBuildPhase section */
		707445AB1C143B05002A27ED /* Frameworks */ = {
			isa = PBXFrameworksBuildPhase;
			buildActionMask = 2147483647;
			files = (
			);
			runOnlyForDeploymentPostprocessing = 0;
		};
/* End PBXFrameworksBuildPhase section */

/* Begin PBXGroup section */
		707445A51C143B05002A27ED = {
			isa = PBXGroup;
			children = (
				707445B01C143B05002A27ED /* unladen */,
				707445AF1C143B05002A27ED /* Products */,
			);
			sourceTree = "<group>";
		};
		707445AF1C143B05002A27ED /* Products */ = {
			isa = PBXGroup;
			children = (
				707445AE1C143B05002A27ED /* unladen */,
			);
			name = Products;
			sourceTree = "<group>";
		};
		707445B01C143B05002A27ED /* unladen */ = {
			isa = PBXGroup;
			children = (
				707445B91C143B50002A27ED /* main.swift */,
				707445BA1C143B50002A27ED /* ipServer.swift */,
				707445BB1C143B50002A27ED /* webServer.swift */,
			);
			path = unladen;
			sourceTree = "<group>";
		};
/* End PBXGroup section */

/* Begin PBXNativeTarget section */
		707445AD1C143B05002A27ED /* unladen */ = {
			isa = PBXNativeTarget;
			buildConfigurationList = 707445B51C143B05002A27ED /* Build configuration list for PBXNativeTarget "unladen" */;
			buildPhases = (
				707445AA1C143B05002A27ED /* Sources */,
				707445AB1C143B05002A27ED /* Frameworks */,
				707445AC1C143B05002A27ED /* CopyFiles */,
			);
			buildRules = (
			);
			dependencies = (
			);
			name = unladen;
			productName = unladen;
			productReference = 707445AE1C143B05002A27ED /* unladen */;
			productType = "com.apple.product-type.tool";
		};
/* End PBXNativeTarget section */

/* Begin PBXProject section */
		707445A61C143B05002A27ED /* Project object */ = {
			isa = PBXProject;
			attributes = {
				LastSwiftUpdateCheck = 0710;
				LastUpgradeCheck = 0710;
				ORGANIZATIONNAME = ck;
				TargetAttributes = {
					707445AD1C143B05002A27ED = {
						CreatedOnToolsVersion = 7.1.1;
					};
				};
			};
			buildConfigurationList = 707445A91C143B05002A27ED /* Build configuration list for PBXProject "unladen" */;
			compatibilityVersion = "Xcode 3.2";
			developmentRegion = English;
			hasScannedForEncodings = 0;
			knownRegions = (
				en,
			);
			mainGroup = 707445A51C143B05002A27ED;
			productRefGroup = 707445AF1C143B05002A27ED /* Products */;
			projectDirPath = "";
			projectRoot = "";
			targets = (
				707445AD1C143B05002A27ED /* unladen */,
			);
		};
/* End PBXProject section */

/* Begin PBXSourcesBuildPhase section */
		707445AA1C143B05002A27ED /* Sources */ = {
			isa = PBXSourcesBuildPhase;
			buildActionMask = 2147483647;
			files = (
				707445BE1C143B50002A27ED /* ipServer.swift in Sources */,
				707445BF1C143B50002A27ED /* webServer.swift in Sources */,
				707445BD1C143B50002A27ED /* main.swift in Sources */,
			);
			runOnlyForDeploymentPostprocessing = 0;
		};
/* End PBXSourcesBuildPhase section */

/* Begin XCBuildConfiguration section */
		707445B31C143B05002A27ED /* Debug */ = {
			isa = XCBuildConfiguration;
			buildSettings = {
				ALWAYS_SEARCH_USER_PATHS = NO;
				CLANG_CXX_LANGUAGE_STANDARD = "gnu++0x";
				CLANG_CXX_LIBRARY = "libc++";
				CLANG_ENABLE_MODULES = YES;
				CLANG_ENABLE_OBJC_ARC = YES;
				CLANG_WARN_BOOL_CONVERSION = YES;
				CLANG_WARN_CONSTANT_CONVERSION = YES;
				CLANG_WARN_DIRECT_OBJC_ISA_USAGE = YES_ERROR;
				CLANG_WARN_EMPTY_BODY = YES;
				CLANG_WARN_ENUM_CONVERSION = YES;
				CLANG_WARN_INT_CONVERSION = YES;
				CLANG_WARN_OBJC_ROOT_CLASS = YES_ERROR;
				CLANG_WARN_UNREACHABLE_CODE = YES;
				CLANG_WARN__DUPLICATE_METHOD_MATCH = YES;
				CODE_SIGN_IDENTITY = "-";
				COPY_PHASE_STRIP = NO;
				DEBUG_INFORMATION_FORMAT = dwarf;
				ENABLE_STRICT_OBJC_MSGSEND = YES;
				ENABLE_TESTABILITY = YES;
				GCC_C_LANGUAGE_STANDARD = gnu99;
				GCC_DYNAMIC_NO_PIC = NO;
				GCC_NO_COMMON_BLOCKS = YES;
				GCC_OPTIMIZATION_LEVEL = 0;
				GCC_PREPROCESSOR_DEFINITIONS = (
					"DEBUG=1",
					"$(inherited)",
				);
				GCC_WARN_64_TO_32_BIT_CONVERSION = YES;
				GCC_WARN_ABOUT_RETURN_TYPE = YES_ERROR;
				GCC_WARN_UNDECLARED_SELECTOR = YES;
				GCC_WARN_UNINITIALIZED_AUTOS = YES_AGGRESSIVE;
				GCC_WARN_UNUSED_FUNCTION = YES;
				GCC_WARN_UNUSED_VARIABLE = YES;
				MACOSX_DEPLOYMENT_TARGET = 10.11;
				MTL_ENABLE_DEBUG_INFO = YES;
				ONLY_ACTIVE_ARCH = YES;
				SDKROOT = macosx;
				SWIFT_OPTIMIZATION_LEVEL = "-Onone";
			};
			name = Debug;
		};
		707445B41C143B05002A27ED /* Release */ = {
			isa = XCBuildConfiguration;
			buildSettings = {
				ALWAYS_SEARCH_USER_PATHS = NO;
				CLANG_CXX_LANGUAGE_STANDARD = "gnu++0x";
				CLANG_CXX_LIBRARY = "libc++";
				CLANG_ENABLE_MODULES = YES;
				CLANG_ENABLE_OBJC_ARC = YES;
				CLANG_WARN_BOOL_CONVERSION = YES;
				CLANG_WARN_CONSTANT_CONVERSION = YES;
				CLANG_WARN_DIRECT_OBJC_ISA_USAGE = YES_ERROR;
				CLANG_WARN_EMPTY_BODY = YES;
				CLANG_WARN_ENUM_CONVERSION = YES;
				CLANG_WARN_INT_CONVERSION = YES;
				CLANG_WARN_OBJC_ROOT_CLASS = YES_ERROR;
				CLANG_WARN_UNREACHABLE_CODE = YES;
				CLANG_WARN__DUPLICATE_METHOD_MATCH = YES;
				CODE_SIGN_IDENTITY = "-";
				COPY_PHASE_STRIP = NO;
				DEBUG_INFORMATION_FORMAT = "dwarf-with-dsym";
				ENABLE_NS_ASSERTIONS = NO;
				ENABLE_STRICT_OBJC_MSGSEND = YES;
				GCC_C_LANGUAGE_STANDARD = gnu99;
				GCC_NO_COMMON_BLOCKS = YES;
				GCC_WARN_64_TO_32_BIT_CONVERSION = YES;
				GCC_WARN_ABOUT_RETURN_TYPE = YES_ERROR;
				GCC_WARN_UNDECLARED_SELECTOR = YES;
				GCC_WARN_UNINITIALIZED_AUTOS = YES_AGGRESSIVE;
				GCC_WARN_UNUSED_FUNCTION = YES;
				GCC_WARN_UNUSED_VARIABLE = YES;
				MACOSX_DEPLOYMENT_TARGET = 10.11;
				MTL_ENABLE_DEBUG_INFO = NO;
				SDKROOT = macosx;
			};
			name = Release;
		};
		707445B61C143B05002A27ED /* Debug */ = {
			isa = XCBuildConfiguration;
			buildSettings = {
				PRODUCT_NAME = "$(TARGET_NAME)";
			};
			name = Debug;
		};
		707445B71C143B05002A27ED /* Release */ = {
			isa = XCBuildConfiguration;
			buildSettings = {
				PRODUCT_NAME = "$(TARGET_NAME)";
			};
			name = Release;
		};
/* End XCBuildConfiguration section */

/* Begin XCConfigurationList section */
		707445A91C143B05002A27ED /* Build configuration list for PBXProject "unladen" */ = {
			isa = XCConfigurationList;
			buildConfigurations = (
				707445B31C143B05002A27ED /* Debug */,
				707445B41C143B05002A27ED /* Release */,
			);
			defaultConfigurationIsVisible = 0;
			defaultConfigurationName = Release;
		};
		707445B51C143B05002A27ED /* Build configuration list for PBXNativeTarget "unladen" */ = {
			isa = XCConfigurationList;
			buildConfigurations = (
				707445B61C143B05002A27ED /* Debug */,
				707445B71C143B05002A27ED /* Release */,
			);
			defaultConfigurationIsVisible = 0;
			defaultConfigurationName = Release;
		};
/* End XCConfigurationList section */
	};
	rootObject = 707445A61C143B05002A27ED /* Project object */;
}
