// !$*UTF8*$!
{
	archiveVersion = 1;
	classes = {
	};
	objectVersion = 46;
	objects = {

/* Begin PBXBuildFile section */
		70B2B3441C7449C7006EACBD /* AppDelegate.swift in Sources */ = {isa = PBXBuildFile; fileRef = 70B2B3431C7449C7006EACBD /* AppDelegate.swift */; };
		70B2B3461C7449C7006EACBD /* ViewController.swift in Sources */ = {isa = PBXBuildFile; fileRef = 70B2B3451C7449C7006EACBD /* ViewController.swift */; };
		70B2B3481C7449C7006EACBD /* Assets.xcassets in Resources */ = {isa = PBXBuildFile; fileRef = 70B2B3471C7449C7006EACBD /* Assets.xcassets */; };
		70B2B34B1C7449C7006EACBD /* Main.storyboard in Resources */ = {isa = PBXBuildFile; fileRef = 70B2B3491C7449C7006EACBD /* Main.storyboard */; };
		70B2B3551C7449E6006EACBD /* ipServer.swift in Sources */ = {isa = PBXBuildFile; fileRef = 70B2B3521C7449E6006EACBD /* ipServer.swift */; };
		70B2B3561C7449E6006EACBD /* test.swift in Sources */ = {isa = PBXBuildFile; fileRef = 70B2B3531C7449E6006EACBD /* test.swift */; };
		70B2B3571C7449E6006EACBD /* webServer.swift in Sources */ = {isa = PBXBuildFile; fileRef = 70B2B3541C7449E6006EACBD /* webServer.swift */; };
		8E4A3DB1E2CCD5D95DE767FD /* Pods.framework in Frameworks */ = {isa = PBXBuildFile; fileRef = E9A0404E446BBFFDC1F34382 /* Pods.framework */; };
/* End PBXBuildFile section */

/* Begin PBXFileReference section */
		5EAB54631CF43CDA8B7EB3F7 /* Pods.release.xcconfig */ = {isa = PBXFileReference; includeInIndex = 1; lastKnownFileType = text.xcconfig; name = Pods.release.xcconfig; path = "Pods/Target Support Files/Pods/Pods.release.xcconfig"; sourceTree = "<group>"; };
		70B2B3401C7449C7006EACBD /* unladen.app */ = {isa = PBXFileReference; explicitFileType = wrapper.application; includeInIndex = 0; path = unladen.app; sourceTree = BUILT_PRODUCTS_DIR; };
		70B2B3431C7449C7006EACBD /* AppDelegate.swift */ = {isa = PBXFileReference; lastKnownFileType = sourcecode.swift; path = AppDelegate.swift; sourceTree = "<group>"; };
		70B2B3451C7449C7006EACBD /* ViewController.swift */ = {isa = PBXFileReference; lastKnownFileType = sourcecode.swift; path = ViewController.swift; sourceTree = "<group>"; };
		70B2B3471C7449C7006EACBD /* Assets.xcassets */ = {isa = PBXFileReference; lastKnownFileType = folder.assetcatalog; path = Assets.xcassets; sourceTree = "<group>"; };
		70B2B34A1C7449C7006EACBD /* Base */ = {isa = PBXFileReference; lastKnownFileType = file.storyboard; name = Base; path = Base.lproj/Main.storyboard; sourceTree = "<group>"; };
		70B2B34C1C7449C7006EACBD /* Info.plist */ = {isa = PBXFileReference; lastKnownFileType = text.plist.xml; path = Info.plist; sourceTree = "<group>"; };
		70B2B3521C7449E6006EACBD /* ipServer.swift */ = {isa = PBXFileReference; fileEncoding = 4; lastKnownFileType = sourcecode.swift; path = ipServer.swift; sourceTree = "<group>"; };
		70B2B3531C7449E6006EACBD /* test.swift */ = {isa = PBXFileReference; fileEncoding = 4; lastKnownFileType = sourcecode.swift; path = test.swift; sourceTree = "<group>"; };
		70B2B3541C7449E6006EACBD /* webServer.swift */ = {isa = PBXFileReference; fileEncoding = 4; lastKnownFileType = sourcecode.swift; path = webServer.swift; sourceTree = "<group>"; };
		778037ED334F55F26C4B5B0F /* Pods.debug.xcconfig */ = {isa = PBXFileReference; includeInIndex = 1; lastKnownFileType = text.xcconfig; name = Pods.debug.xcconfig; path = "Pods/Target Support Files/Pods/Pods.debug.xcconfig"; sourceTree = "<group>"; };
		E9A0404E446BBFFDC1F34382 /* Pods.framework */ = {isa = PBXFileReference; explicitFileType = wrapper.framework; includeInIndex = 0; path = Pods.framework; sourceTree = BUILT_PRODUCTS_DIR; };
/* End PBXFileReference section */

/* Begin PBXFrameworksBuildPhase section */
		70B2B33D1C7449C7006EACBD /* Frameworks */ = {
			isa = PBXFrameworksBuildPhase;
			buildActionMask = 2147483647;
			files = (
				8E4A3DB1E2CCD5D95DE767FD /* Pods.framework in Frameworks */,
			);
			runOnlyForDeploymentPostprocessing = 0;
		};
/* End PBXFrameworksBuildPhase section */

/* Begin PBXGroup section */
		4C0B41A29EB763BC0CBD1FF8 /* Frameworks */ = {
			isa = PBXGroup;
			children = (
				E9A0404E446BBFFDC1F34382 /* Pods.framework */,
			);
			name = Frameworks;
			sourceTree = "<group>";
		};
		70B2B3371C7449C7006EACBD = {
			isa = PBXGroup;
			children = (
				70B2B3421C7449C7006EACBD /* unladen */,
				70B2B3411C7449C7006EACBD /* Products */,
				EF729DE856EF2D19ED88342A /* Pods */,
				4C0B41A29EB763BC0CBD1FF8 /* Frameworks */,
			);
			sourceTree = "<group>";
		};
		70B2B3411C7449C7006EACBD /* Products */ = {
			isa = PBXGroup;
			children = (
				70B2B3401C7449C7006EACBD /* unladen.app */,
			);
			name = Products;
			sourceTree = "<group>";
		};
		70B2B3421C7449C7006EACBD /* unladen */ = {
			isa = PBXGroup;
			children = (
				70B2B3431C7449C7006EACBD /* AppDelegate.swift */,
				70B2B3451C7449C7006EACBD /* ViewController.swift */,
				70B2B3521C7449E6006EACBD /* ipServer.swift */,
				70B2B3531C7449E6006EACBD /* test.swift */,
				70B2B3541C7449E6006EACBD /* webServer.swift */,
				70B2B3471C7449C7006EACBD /* Assets.xcassets */,
				70B2B3491C7449C7006EACBD /* Main.storyboard */,
				70B2B34C1C7449C7006EACBD /* Info.plist */,
			);
			path = unladen;
			sourceTree = "<group>";
		};
		EF729DE856EF2D19ED88342A /* Pods */ = {
			isa = PBXGroup;
			children = (
				778037ED334F55F26C4B5B0F /* Pods.debug.xcconfig */,
				5EAB54631CF43CDA8B7EB3F7 /* Pods.release.xcconfig */,
			);
			name = Pods;
			sourceTree = "<group>";
		};
/* End PBXGroup section */

/* Begin PBXNativeTarget section */
		70B2B33F1C7449C7006EACBD /* unladen */ = {
			isa = PBXNativeTarget;
			buildConfigurationList = 70B2B34F1C7449C7006EACBD /* Build configuration list for PBXNativeTarget "unladen" */;
			buildPhases = (
				7F8D850286F342A3514FAE29 /* Check Pods Manifest.lock */,
				70B2B33C1C7449C7006EACBD /* Sources */,
				70B2B33D1C7449C7006EACBD /* Frameworks */,
				70B2B33E1C7449C7006EACBD /* Resources */,
				2FF99BF99E5240210D704C4C /* Embed Pods Frameworks */,
				F905EC11ED39A6581A9317EE /* Copy Pods Resources */,
			);
			buildRules = (
			);
			dependencies = (
			);
			name = unladen;
			productName = unladen;
			productReference = 70B2B3401C7449C7006EACBD /* unladen.app */;
			productType = "com.apple.product-type.application";
		};
/* End PBXNativeTarget section */

/* Begin PBXProject section */
		70B2B3381C7449C7006EACBD /* Project object */ = {
			isa = PBXProject;
			attributes = {
				LastSwiftUpdateCheck = 0720;
				LastUpgradeCheck = 0720;
				ORGANIZATIONNAME = tel.red;
				TargetAttributes = {
					70B2B33F1C7449C7006EACBD = {
						CreatedOnToolsVersion = 7.2.1;
					};
				};
			};
			buildConfigurationList = 70B2B33B1C7449C7006EACBD /* Build configuration list for PBXProject "unladen" */;
			compatibilityVersion = "Xcode 3.2";
			developmentRegion = English;
			hasScannedForEncodings = 0;
			knownRegions = (
				en,
				Base,
			);
			mainGroup = 70B2B3371C7449C7006EACBD;
			productRefGroup = 70B2B3411C7449C7006EACBD /* Products */;
			projectDirPath = "";
			projectRoot = "";
			targets = (
				70B2B33F1C7449C7006EACBD /* unladen */,
			);
		};
/* End PBXProject section */

/* Begin PBXResourcesBuildPhase section */
		70B2B33E1C7449C7006EACBD /* Resources */ = {
			isa = PBXResourcesBuildPhase;
			buildActionMask = 2147483647;
			files = (
				70B2B3481C7449C7006EACBD /* Assets.xcassets in Resources */,
				70B2B34B1C7449C7006EACBD /* Main.storyboard in Resources */,
			);
			runOnlyForDeploymentPostprocessing = 0;
		};
/* End PBXResourcesBuildPhase section */

/* Begin PBXShellScriptBuildPhase section */
		2FF99BF99E5240210D704C4C /* Embed Pods Frameworks */ = {
			isa = PBXShellScriptBuildPhase;
			buildActionMask = 2147483647;
			files = (
			);
			inputPaths = (
			);
			name = "Embed Pods Frameworks";
			outputPaths = (
			);
			runOnlyForDeploymentPostprocessing = 0;
			shellPath = /bin/sh;
			shellScript = "\"${SRCROOT}/Pods/Target Support Files/Pods/Pods-frameworks.sh\"\n";
			showEnvVarsInLog = 0;
		};
		7F8D850286F342A3514FAE29 /* Check Pods Manifest.lock */ = {
			isa = PBXShellScriptBuildPhase;
			buildActionMask = 2147483647;
			files = (
			);
			inputPaths = (
			);
			name = "Check Pods Manifest.lock";
			outputPaths = (
			);
			runOnlyForDeploymentPostprocessing = 0;
			shellPath = /bin/sh;
			shellScript = "diff \"${PODS_ROOT}/../Podfile.lock\" \"${PODS_ROOT}/Manifest.lock\" > /dev/null\nif [[ $? != 0 ]] ; then\n    cat << EOM\nerror: The sandbox is not in sync with the Podfile.lock. Run 'pod install' or update your CocoaPods installation.\nEOM\n    exit 1\nfi\n";
			showEnvVarsInLog = 0;
		};
		F905EC11ED39A6581A9317EE /* Copy Pods Resources */ = {
			isa = PBXShellScriptBuildPhase;
			buildActionMask = 2147483647;
			files = (
			);
			inputPaths = (
			);
			name = "Copy Pods Resources";
			outputPaths = (
			);
			runOnlyForDeploymentPostprocessing = 0;
			shellPath = /bin/sh;
			shellScript = "\"${SRCROOT}/Pods/Target Support Files/Pods/Pods-resources.sh\"\n";
			showEnvVarsInLog = 0;
		};
/* End PBXShellScriptBuildPhase section */

/* Begin PBXSourcesBuildPhase section */
		70B2B33C1C7449C7006EACBD /* Sources */ = {
			isa = PBXSourcesBuildPhase;
			buildActionMask = 2147483647;
			files = (
				70B2B3461C7449C7006EACBD /* ViewController.swift in Sources */,
				70B2B3571C7449E6006EACBD /* webServer.swift in Sources */,
				70B2B3561C7449E6006EACBD /* test.swift in Sources */,
				70B2B3441C7449C7006EACBD /* AppDelegate.swift in Sources */,
				70B2B3551C7449E6006EACBD /* ipServer.swift in Sources */,
			);
			runOnlyForDeploymentPostprocessing = 0;
		};
/* End PBXSourcesBuildPhase section */

/* Begin PBXVariantGroup section */
		70B2B3491C7449C7006EACBD /* Main.storyboard */ = {
			isa = PBXVariantGroup;
			children = (
				70B2B34A1C7449C7006EACBD /* Base */,
			);
			name = Main.storyboard;
			sourceTree = "<group>";
		};
/* End PBXVariantGroup section */

/* Begin XCBuildConfiguration section */
		70B2B34D1C7449C7006EACBD /* Debug */ = {
			isa = XCBuildConfiguration;
			buildSettings = {
				ALWAYS_SEARCH_USER_PATHS = NO;
				CLANG_CXX_LANGUAGE_STANDARD = "gnu++0x";
				CLANG_CXX_LIBRARY = "libc++";
				CLANG_ENABLE_MODULES = YES;
				CLANG_ENABLE_OBJC_ARC = YES;
				CLANG_WARN_BOOL_CONVERSION = YES;
				CLANG_WARN_CONSTANT_CONVERSION = YES;
				CLANG_WARN_DIRECT_OBJC_ISA_USAGE = YES_ERROR;
				CLANG_WARN_EMPTY_BODY = YES;
				CLANG_WARN_ENUM_CONVERSION = YES;
				CLANG_WARN_INT_CONVERSION = YES;
				CLANG_WARN_OBJC_ROOT_CLASS = YES_ERROR;
				CLANG_WARN_UNREACHABLE_CODE = YES;
				CLANG_WARN__DUPLICATE_METHOD_MATCH = YES;
				CODE_SIGN_IDENTITY = "-";
				COPY_PHASE_STRIP = NO;
				DEBUG_INFORMATION_FORMAT = dwarf;
				ENABLE_STRICT_OBJC_MSGSEND = YES;
				ENABLE_TESTABILITY = YES;
				GCC_C_LANGUAGE_STANDARD = gnu99;
				GCC_DYNAMIC_NO_PIC = NO;
				GCC_NO_COMMON_BLOCKS = YES;
				GCC_OPTIMIZATION_LEVEL = 0;
				GCC_PREPROCESSOR_DEFINITIONS = (
					"DEBUG=1",
					"$(inherited)",
				);
				GCC_WARN_64_TO_32_BIT_CONVERSION = YES;
				GCC_WARN_ABOUT_RETURN_TYPE = YES_ERROR;
				GCC_WARN_UNDECLARED_SELECTOR = YES;
				GCC_WARN_UNINITIALIZED_AUTOS = YES_AGGRESSIVE;
				GCC_WARN_UNUSED_FUNCTION = YES;
				GCC_WARN_UNUSED_VARIABLE = YES;
				MACOSX_DEPLOYMENT_TARGET = 10.11;
				MTL_ENABLE_DEBUG_INFO = YES;
				ONLY_ACTIVE_ARCH = YES;
				SDKROOT = macosx;
				SWIFT_OPTIMIZATION_LEVEL = "-Onone";
			};
			name = Debug;
		};
		70B2B34E1C7449C7006EACBD /* Release */ = {
			isa = XCBuildConfiguration;
			buildSettings = {
				ALWAYS_SEARCH_USER_PATHS = NO;
				CLANG_CXX_LANGUAGE_STANDARD = "gnu++0x";
				CLANG_CXX_LIBRARY = "libc++";
				CLANG_ENABLE_MODULES = YES;
				CLANG_ENABLE_OBJC_ARC = YES;
				CLANG_WARN_BOOL_CONVERSION = YES;
				CLANG_WARN_CONSTANT_CONVERSION = YES;
				CLANG_WARN_DIRECT_OBJC_ISA_USAGE = YES_ERROR;
				CLANG_WARN_EMPTY_BODY = YES;
				CLANG_WARN_ENUM_CONVERSION = YES;
				CLANG_WARN_INT_CONVERSION = YES;
				CLANG_WARN_OBJC_ROOT_CLASS = YES_ERROR;
				CLANG_WARN_UNREACHABLE_CODE = YES;
				CLANG_WARN__DUPLICATE_METHOD_MATCH = YES;
				CODE_SIGN_IDENTITY = "-";
				COPY_PHASE_STRIP = NO;
				DEBUG_INFORMATION_FORMAT = "dwarf-with-dsym";
				ENABLE_NS_ASSERTIONS = NO;
				ENABLE_STRICT_OBJC_MSGSEND = YES;
				GCC_C_LANGUAGE_STANDARD = gnu99;
				GCC_NO_COMMON_BLOCKS = YES;
				GCC_WARN_64_TO_32_BIT_CONVERSION = YES;
				GCC_WARN_ABOUT_RETURN_TYPE = YES_ERROR;
				GCC_WARN_UNDECLARED_SELECTOR = YES;
				GCC_WARN_UNINITIALIZED_AUTOS = YES_AGGRESSIVE;
				GCC_WARN_UNUSED_FUNCTION = YES;
				GCC_WARN_UNUSED_VARIABLE = YES;
				MACOSX_DEPLOYMENT_TARGET = 10.11;
				MTL_ENABLE_DEBUG_INFO = NO;
				SDKROOT = macosx;
			};
			name = Release;
		};
		70B2B3501C7449C7006EACBD /* Debug */ = {
			isa = XCBuildConfiguration;
			baseConfigurationReference = 778037ED334F55F26C4B5B0F /* Pods.debug.xcconfig */;
			buildSettings = {
				ASSETCATALOG_COMPILER_APPICON_NAME = AppIcon;
				COMBINE_HIDPI_IMAGES = YES;
				INFOPLIST_FILE = unladen/Info.plist;
				LD_RUNPATH_SEARCH_PATHS = "$(inherited) @executable_path/../Frameworks";
				PRODUCT_BUNDLE_IDENTIFIER = tr.unladen;
				PRODUCT_NAME = "$(TARGET_NAME)";
			};
			name = Debug;
		};
		70B2B3511C7449C7006EACBD /* Release */ = {
			isa = XCBuildConfiguration;
			baseConfigurationReference = 5EAB54631CF43CDA8B7EB3F7 /* Pods.release.xcconfig */;
			buildSettings = {
				ASSETCATALOG_COMPILER_APPICON_NAME = AppIcon;
				COMBINE_HIDPI_IMAGES = YES;
				INFOPLIST_FILE = unladen/Info.plist;
				LD_RUNPATH_SEARCH_PATHS = "$(inherited) @executable_path/../Frameworks";
				PRODUCT_BUNDLE_IDENTIFIER = tr.unladen;
				PRODUCT_NAME = "$(TARGET_NAME)";
			};
			name = Release;
		};
/* End XCBuildConfiguration section */

/* Begin XCConfigurationList section */
		70B2B33B1C7449C7006EACBD /* Build configuration list for PBXProject "unladen" */ = {
			isa = XCConfigurationList;
			buildConfigurations = (
				70B2B34D1C7449C7006EACBD /* Debug */,
				70B2B34E1C7449C7006EACBD /* Release */,
			);
			defaultConfigurationIsVisible = 0;
			defaultConfigurationName = Release;
		};
		70B2B34F1C7449C7006EACBD /* Build configuration list for PBXNativeTarget "unladen" */ = {
			isa = XCConfigurationList;
			buildConfigurations = (
				70B2B3501C7449C7006EACBD /* Debug */,
				70B2B3511C7449C7006EACBD /* Release */,
			);
			defaultConfigurationIsVisible = 0;
			defaultConfigurationName = Release;
		};
/* End XCConfigurationList section */
	};
	rootObject = 70B2B3381C7449C7006EACBD /* Project object */;
}
